
Microsoft Visual Studio Solution File, Format Version 11.00
# Visual Studio 2010
Project("{FAE04EC0-301F-11D3-BF4B-00C04F79EFBC}") = "SchoolMap.Net", "SchoolMap.Net\SchoolMap.Net.csproj", "{5270C9CA-02E7-4B7F-9792-1550022BF65A}"
EndProject
Project("{FAE04EC0-301F-11D3-BF4B-00C04F79EFBC}") = "SchoolMap.Net.Tests", "SchoolMap.Net.Tests\SchoolMap.Net.Tests.csproj", "{EDE78F8A-881D-438C-9283-34991B9DA9BF}"
EndProject
Global
	GlobalSection(SolutionConfigurationPlatforms) = preSolution
		Debug|Any CPU = Debug|Any CPU
		Release|Any CPU = Release|Any CPU
	EndGlobalSection
	GlobalSection(ProjectConfigurationPlatforms) = postSolution
		{5270C9CA-02E7-4B7F-9792-1550022BF65A}.Debug|Any CPU.ActiveCfg = Debug|Any CPU
		{5270C9CA-02E7-4B7F-9792-1550022BF65A}.Debug|Any CPU.Build.0 = Debug|Any CPU
		{5270C9CA-02E7-4B7F-9792-1550022BF65A}.Release|Any CPU.ActiveCfg = Release|Any CPU
		{5270C9CA-02E7-4B7F-9792-1550022BF65A}.Release|Any CPU.Build.0 = Release|Any CPU
		{EDE78F8A-881D-438C-9283-34991B9DA9BF}.Debug|Any CPU.ActiveCfg = Debug|Any CPU
		{EDE78F8A-881D-438C-9283-34991B9DA9BF}.Debug|Any CPU.Build.0 = Debug|Any CPU
		{EDE78F8A-881D-438C-9283-34991B9DA9BF}.Release|Any CPU.ActiveCfg = Release|Any CPU
		{EDE78F8A-881D-438C-9283-34991B9DA9BF}.Release|Any CPU.Build.0 = Release|Any CPU
	EndGlobalSection
	GlobalSection(SolutionProperties) = preSolution
		HideSolutionNode = FALSE
	EndGlobalSection
EndGlobal
